
Microsoft Visual Studio Solution File, Format Version 12.00
# Visual Studio 15
VisualStudioVersion = 15.0.27004.2006
MinimumVisualStudioVersion = 10.0.40219.1
Project("{FAE04EC0-301F-11D3-BF4B-00C04F79EFBC}") = "Day9", "Day9\Day9.csproj", "{A8145A2B-CF7B-4A26-A7B4-1BC0F4DAD014}"
EndProject
Global
	GlobalSection(SolutionConfigurationPlatforms) = preSolution
		Debug|Any CPU = Debug|Any CPU
		Release|Any CPU = Release|Any CPU
	EndGlobalSection
	GlobalSection(ProjectConfigurationPlatforms) = postSolution
		{A8145A2B-CF7B-4A26-A7B4-1BC0F4DAD014}.Debug|Any CPU.ActiveCfg = Debug|Any CPU
		{A8145A2B-CF7B-4A26-A7B4-1BC0F4DAD014}.Debug|Any CPU.Build.0 = Debug|Any CPU
		{A8145A2B-CF7B-4A26-A7B4-1BC0F4DAD014}.Release|Any CPU.ActiveCfg = Release|Any CPU
		{A8145A2B-CF7B-4A26-A7B4-1BC0F4DAD014}.Release|Any CPU.Build.0 = Release|Any CPU
	EndGlobalSection
	GlobalSection(SolutionProperties) = preSolution
		HideSolutionNode = FALSE
	EndGlobalSection
	GlobalSection(ExtensibilityGlobals) = postSolution
		SolutionGuid = {3921943E-5CE1-4059-9697-2B4817957476}
	EndGlobalSection
EndGlobal
